// !$*UTF8*$!
{
	archiveVersion = 1;
	classes = {
	};
	objectVersion = 50;
	objects = {

/* Begin PBXBuildFile section */
		24497CC4264CD9C900674686 /* TodoTableViewController.swift in Sources */ = {isa = PBXBuildFile; fileRef = 24497CC2264CD9C900674686 /* TodoTableViewController.swift */; };
		24497CC5264CD9C900674686 /* TodoTableViewCell.swift in Sources */ = {isa = PBXBuildFile; fileRef = 24497CC3264CD9C900674686 /* TodoTableViewCell.swift */; };
		24497CC8264CD9D300674686 /* UpsertTodoTableViewController.swift in Sources */ = {isa = PBXBuildFile; fileRef = 24497CC7264CD9D300674686 /* UpsertTodoTableViewController.swift */; };
		24497CCA264CDA6C00674686 /* UpsertTodoTableViewControllerDelegation.swift in Sources */ = {isa = PBXBuildFile; fileRef = 24497CC9264CDA6C00674686 /* UpsertTodoTableViewControllerDelegation.swift */; };
		244F2289264C885F0059A0BD /* AppDelegate.swift in Sources */ = {isa = PBXBuildFile; fileRef = 244F2288264C885F0059A0BD /* AppDelegate.swift */; };
		244F228B264C885F0059A0BD /* SceneDelegate.swift in Sources */ = {isa = PBXBuildFile; fileRef = 244F228A264C885F0059A0BD /* SceneDelegate.swift */; };
		244F228D264C885F0059A0BD /* ViewController.swift in Sources */ = {isa = PBXBuildFile; fileRef = 244F228C264C885F0059A0BD /* ViewController.swift */; };
		244F2292264C88600059A0BD /* Assets.xcassets in Resources */ = {isa = PBXBuildFile; fileRef = 244F2291264C88600059A0BD /* Assets.xcassets */; };
		244F2295264C88600059A0BD /* LaunchScreen.storyboard in Resources */ = {isa = PBXBuildFile; fileRef = 244F2293264C88600059A0BD /* LaunchScreen.storyboard */; };
		244F22A1264C8A2B0059A0BD /* Todo.swift in Sources */ = {isa = PBXBuildFile; fileRef = 244F22A0264C8A2B0059A0BD /* Todo.swift */; };
/* End PBXBuildFile section */

/* Begin PBXFileReference section */
		24497CC2264CD9C900674686 /* TodoTableViewController.swift */ = {isa = PBXFileReference; fileEncoding = 4; lastKnownFileType = sourcecode.swift; name = TodoTableViewController.swift; path = Todo/Controllers/list/TodoTableViewController.swift; sourceTree = SOURCE_ROOT; };
		24497CC3264CD9C900674686 /* TodoTableViewCell.swift */ = {isa = PBXFileReference; fileEncoding = 4; lastKnownFileType = sourcecode.swift; name = TodoTableViewCell.swift; path = Todo/Controllers/list/TodoTableViewCell.swift; sourceTree = SOURCE_ROOT; };
		24497CC7264CD9D300674686 /* UpsertTodoTableViewController.swift */ = {isa = PBXFileReference; fileEncoding = 4; lastKnownFileType = sourcecode.swift; name = UpsertTodoTableViewController.swift; path = Todo/Controllers/upsert/UpsertTodoTableViewController.swift; sourceTree = SOURCE_ROOT; };
		24497CC9264CDA6C00674686 /* UpsertTodoTableViewControllerDelegation.swift */ = {isa = PBXFileReference; lastKnownFileType = sourcecode.swift; path = UpsertTodoTableViewControllerDelegation.swift; sourceTree = "<group>"; };
		244F2285264C885F0059A0BD /* Todo.app */ = {isa = PBXFileReference; explicitFileType = wrapper.application; includeInIndex = 0; path = Todo.app; sourceTree = BUILT_PRODUCTS_DIR; };
		244F2288264C885F0059A0BD /* AppDelegate.swift */ = {isa = PBXFileReference; lastKnownFileType = sourcecode.swift; path = AppDelegate.swift; sourceTree = "<group>"; };
		244F228A264C885F0059A0BD /* SceneDelegate.swift */ = {isa = PBXFileReference; lastKnownFileType = sourcecode.swift; path = SceneDelegate.swift; sourceTree = "<group>"; };
		244F228C264C885F0059A0BD /* ViewController.swift */ = {isa = PBXFileReference; lastKnownFileType = sourcecode.swift; path = ViewController.swift; sourceTree = "<group>"; };
		244F2291264C88600059A0BD /* Assets.xcassets */ = {isa = PBXFileReference; lastKnownFileType = folder.assetcatalog; path = Assets.xcassets; sourceTree = "<group>"; };
		244F2294264C88600059A0BD /* Base */ = {isa = PBXFileReference; lastKnownFileType = file.storyboard; name = Base; path = Base.lproj/LaunchScreen.storyboard; sourceTree = "<group>"; };
		244F2296264C88600059A0BD /* Info.plist */ = {isa = PBXFileReference; lastKnownFileType = text.plist.xml; path = Info.plist; sourceTree = "<group>"; };
		244F22A0264C8A2B0059A0BD /* Todo.swift */ = {isa = PBXFileReference; lastKnownFileType = sourcecode.swift; path = Todo.swift; sourceTree = "<group>"; };
/* End PBXFileReference section */

/* Begin PBXFrameworksBuildPhase section */
		244F2282264C885F0059A0BD /* Frameworks */ = {
			isa = PBXFrameworksBuildPhase;
			buildActionMask = 2147483647;
			files = (
			);
			runOnlyForDeploymentPostprocessing = 0;
		};
/* End PBXFrameworksBuildPhase section */

/* Begin PBXGroup section */
		24497CC1264CD9C200674686 /* list */ = {
			isa = PBXGroup;
			children = (
				24497CC2264CD9C900674686 /* TodoTableViewController.swift */,
				24497CC3264CD9C900674686 /* TodoTableViewCell.swift */,
			);
			path = list;
			sourceTree = "<group>";
		};
		24497CC6264CD9CE00674686 /* upsert */ = {
			isa = PBXGroup;
			children = (
				24497CC7264CD9D300674686 /* UpsertTodoTableViewController.swift */,
				24497CC9264CDA6C00674686 /* UpsertTodoTableViewControllerDelegation.swift */,
			);
			path = upsert;
			sourceTree = "<group>";
		};
		244F227C264C885F0059A0BD = {
			isa = PBXGroup;
			children = (
				244F2287264C885F0059A0BD /* Todo */,
				244F2286264C885F0059A0BD /* Products */,
			);
			sourceTree = "<group>";
		};
		244F2286264C885F0059A0BD /* Products */ = {
			isa = PBXGroup;
			children = (
				244F2285264C885F0059A0BD /* Todo.app */,
			);
			name = Products;
			sourceTree = "<group>";
		};
		244F2287264C885F0059A0BD /* Todo */ = {
			isa = PBXGroup;
			children = (
				244F2288264C885F0059A0BD /* AppDelegate.swift */,
				244F228A264C885F0059A0BD /* SceneDelegate.swift */,
				244F228C264C885F0059A0BD /* ViewController.swift */,
				244F229F264C8A220059A0BD /* Models */,
				244F229C264C88A90059A0BD /* Controllers */,
				244F2291264C88600059A0BD /* Assets.xcassets */,
				244F2293264C88600059A0BD /* LaunchScreen.storyboard */,
				244F2296264C88600059A0BD /* Info.plist */,
			);
			path = Todo;
			sourceTree = "<group>";
		};
		244F229C264C88A90059A0BD /* Controllers */ = {
			isa = PBXGroup;
			children = (
				24497CC6264CD9CE00674686 /* upsert */,
				24497CC1264CD9C200674686 /* list */,
			);
			path = Controllers;
			sourceTree = "<group>";
		};
		244F229F264C8A220059A0BD /* Models */ = {
			isa = PBXGroup;
			children = (
				244F22A0264C8A2B0059A0BD /* Todo.swift */,
			);
			path = Models;
			sourceTree = "<group>";
		};
/* End PBXGroup section */

/* Begin PBXNativeTarget section */
		244F2284264C885F0059A0BD /* Todo */ = {
			isa = PBXNativeTarget;
			buildConfigurationList = 244F2299264C88600059A0BD /* Build configuration list for PBXNativeTarget "Todo" */;
			buildPhases = (
				244F2281264C885F0059A0BD /* Sources */,
				244F2282264C885F0059A0BD /* Frameworks */,
				244F2283264C885F0059A0BD /* Resources */,
			);
			buildRules = (
			);
			dependencies = (
			);
			name = Todo;
			productName = Todo;
			productReference = 244F2285264C885F0059A0BD /* Todo.app */;
			productType = "com.apple.product-type.application";
		};
/* End PBXNativeTarget section */

/* Begin PBXProject section */
		244F227D264C885F0059A0BD /* Project object */ = {
			isa = PBXProject;
			attributes = {
				LastSwiftUpdateCheck = 1250;
				LastUpgradeCheck = 1250;
				TargetAttributes = {
					244F2284264C885F0059A0BD = {
						CreatedOnToolsVersion = 12.5;
					};
				};
			};
			buildConfigurationList = 244F2280264C885F0059A0BD /* Build configuration list for PBXProject "Todo" */;
			compatibilityVersion = "Xcode 9.3";
			developmentRegion = en;
			hasScannedForEncodings = 0;
			knownRegions = (
				en,
				Base,
			);
			mainGroup = 244F227C264C885F0059A0BD;
			productRefGroup = 244F2286264C885F0059A0BD /* Products */;
			projectDirPath = "";
			projectRoot = "";
			targets = (
				244F2284264C885F0059A0BD /* Todo */,
			);
		};
/* End PBXProject section */

/* Begin PBXResourcesBuildPhase section */
		244F2283264C885F0059A0BD /* Resources */ = {
			isa = PBXResourcesBuildPhase;
			buildActionMask = 2147483647;
			files = (
				244F2295264C88600059A0BD /* LaunchScreen.storyboard in Resources */,
				244F2292264C88600059A0BD /* Assets.xcassets in Resources */,
			);
			runOnlyForDeploymentPostprocessing = 0;
		};
/* End PBXResourcesBuildPhase section */

/* Begin PBXSourcesBuildPhase section */
		244F2281264C885F0059A0BD /* Sources */ = {
			isa = PBXSourcesBuildPhase;
			buildActionMask = 2147483647;
			files = (
				244F228D264C885F0059A0BD /* ViewController.swift in Sources */,
				24497CC5264CD9C900674686 /* TodoTableViewCell.swift in Sources */,
				244F2289264C885F0059A0BD /* AppDelegate.swift in Sources */,
				244F228B264C885F0059A0BD /* SceneDelegate.swift in Sources */,
				24497CCA264CDA6C00674686 /* UpsertTodoTableViewControllerDelegation.swift in Sources */,
				24497CC4264CD9C900674686 /* TodoTableViewController.swift in Sources */,
				24497CC8264CD9D300674686 /* UpsertTodoTableViewController.swift in Sources */,
				244F22A1264C8A2B0059A0BD /* Todo.swift in Sources */,
			);
			runOnlyForDeploymentPostprocessing = 0;
		};
/* End PBXSourcesBuildPhase section */

/* Begin PBXVariantGroup section */
		244F2293264C88600059A0BD /* LaunchScreen.storyboard */ = {
			isa = PBXVariantGroup;
			children = (
				244F2294264C88600059A0BD /* Base */,
			);
			name = LaunchScreen.storyboard;
			sourceTree = "<group>";
		};
/* End PBXVariantGroup section */

/* Begin XCBuildConfiguration section */
		244F2297264C88600059A0BD /* Debug */ = {
			isa = XCBuildConfiguration;
			buildSettings = {
				ALWAYS_SEARCH_USER_PATHS = NO;
				CLANG_ANALYZER_NONNULL = YES;
				CLANG_ANALYZER_NUMBER_OBJECT_CONVERSION = YES_AGGRESSIVE;
				CLANG_CXX_LANGUAGE_STANDARD = "gnu++14";
				CLANG_CXX_LIBRARY = "libc++";
				CLANG_ENABLE_MODULES = YES;
				CLANG_ENABLE_OBJC_ARC = YES;
				CLANG_ENABLE_OBJC_WEAK = YES;
				CLANG_WARN_BLOCK_CAPTURE_AUTORELEASING = YES;
				CLANG_WARN_BOOL_CONVERSION = YES;
				CLANG_WARN_COMMA = YES;
				CLANG_WARN_CONSTANT_CONVERSION = YES;
				CLANG_WARN_DEPRECATED_OBJC_IMPLEMENTATIONS = YES;
				CLANG_WARN_DIRECT_OBJC_ISA_USAGE = YES_ERROR;
				CLANG_WARN_DOCUMENTATION_COMMENTS = YES;
				CLANG_WARN_EMPTY_BODY = YES;
				CLANG_WARN_ENUM_CONVERSION = YES;
				CLANG_WARN_INFINITE_RECURSION = YES;
				CLANG_WARN_INT_CONVERSION = YES;
				CLANG_WARN_NON_LITERAL_NULL_CONVERSION = YES;
				CLANG_WARN_OBJC_IMPLICIT_RETAIN_SELF = YES;
				CLANG_WARN_OBJC_LITERAL_CONVERSION = YES;
				CLANG_WARN_OBJC_ROOT_CLASS = YES_ERROR;
				CLANG_WARN_QUOTED_INCLUDE_IN_FRAMEWORK_HEADER = YES;
				CLANG_WARN_RANGE_LOOP_ANALYSIS = YES;
				CLANG_WARN_STRICT_PROTOTYPES = YES;
				CLANG_WARN_SUSPICIOUS_MOVE = YES;
				CLANG_WARN_UNGUARDED_AVAILABILITY = YES_AGGRESSIVE;
				CLANG_WARN_UNREACHABLE_CODE = YES;
				CLANG_WARN__DUPLICATE_METHOD_MATCH = YES;
				COPY_PHASE_STRIP = NO;
				DEBUG_INFORMATION_FORMAT = dwarf;
				ENABLE_STRICT_OBJC_MSGSEND = YES;
				ENABLE_TESTABILITY = YES;
				GCC_C_LANGUAGE_STANDARD = gnu11;
				GCC_DYNAMIC_NO_PIC = NO;
				GCC_NO_COMMON_BLOCKS = YES;
				GCC_OPTIMIZATION_LEVEL = 0;
				GCC_PREPROCESSOR_DEFINITIONS = (
					"DEBUG=1",
					"$(inherited)",
				);
				GCC_WARN_64_TO_32_BIT_CONVERSION = YES;
				GCC_WARN_ABOUT_RETURN_TYPE = YES_ERROR;
				GCC_WARN_UNDECLARED_SELECTOR = YES;
				GCC_WARN_UNINITIALIZED_AUTOS = YES_AGGRESSIVE;
				GCC_WARN_UNUSED_FUNCTION = YES;
				GCC_WARN_UNUSED_VARIABLE = YES;
				IPHONEOS_DEPLOYMENT_TARGET = 14.5;
				MTL_ENABLE_DEBUG_INFO = INCLUDE_SOURCE;
				MTL_FAST_MATH = YES;
				ONLY_ACTIVE_ARCH = YES;
				SDKROOT = iphoneos;
				SWIFT_ACTIVE_COMPILATION_CONDITIONS = DEBUG;
				SWIFT_OPTIMIZATION_LEVEL = "-Onone";
			};
			name = Debug;
		};
		244F2298264C88600059A0BD /* Release */ = {
			isa = XCBuildConfiguration;
			buildSettings = {
				ALWAYS_SEARCH_USER_PATHS = NO;
				CLANG_ANALYZER_NONNULL = YES;
				CLANG_ANALYZER_NUMBER_OBJECT_CONVERSION = YES_AGGRESSIVE;
				CLANG_CXX_LANGUAGE_STANDARD = "gnu++14";
				CLANG_CXX_LIBRARY = "libc++";
				CLANG_ENABLE_MODULES = YES;
				CLANG_ENABLE_OBJC_ARC = YES;
				CLANG_ENABLE_OBJC_WEAK = YES;
				CLANG_WARN_BLOCK_CAPTURE_AUTORELEASING = YES;
				CLANG_WARN_BOOL_CONVERSION = YES;
				CLANG_WARN_COMMA = YES;
				CLANG_WARN_CONSTANT_CONVERSION = YES;
				CLANG_WARN_DEPRECATED_OBJC_IMPLEMENTATIONS = YES;
				CLANG_WARN_DIRECT_OBJC_ISA_USAGE = YES_ERROR;
				CLANG_WARN_DOCUMENTATION_COMMENTS = YES;
				CLANG_WARN_EMPTY_BODY = YES;
				CLANG_WARN_ENUM_CONVERSION = YES;
				CLANG_WARN_INFINITE_RECURSION = YES;
				CLANG_WARN_INT_CONVERSION = YES;
				CLANG_WARN_NON_LITERAL_NULL_CONVERSION = YES;
				CLANG_WARN_OBJC_IMPLICIT_RETAIN_SELF = YES;
				CLANG_WARN_OBJC_LITERAL_CONVERSION = YES;
				CLANG_WARN_OBJC_ROOT_CLASS = YES_ERROR;
				CLANG_WARN_QUOTED_INCLUDE_IN_FRAMEWORK_HEADER = YES;
				CLANG_WARN_RANGE_LOOP_ANALYSIS = YES;
				CLANG_WARN_STRICT_PROTOTYPES = YES;
				CLANG_WARN_SUSPICIOUS_MOVE = YES;
				CLANG_WARN_UNGUARDED_AVAILABILITY = YES_AGGRESSIVE;
				CLANG_WARN_UNREACHABLE_CODE = YES;
				CLANG_WARN__DUPLICATE_METHOD_MATCH = YES;
				COPY_PHASE_STRIP = NO;
				DEBUG_INFORMATION_FORMAT = "dwarf-with-dsym";
				ENABLE_NS_ASSERTIONS = NO;
				ENABLE_STRICT_OBJC_MSGSEND = YES;
				GCC_C_LANGUAGE_STANDARD = gnu11;
				GCC_NO_COMMON_BLOCKS = YES;
				GCC_WARN_64_TO_32_BIT_CONVERSION = YES;
				GCC_WARN_ABOUT_RETURN_TYPE = YES_ERROR;
				GCC_WARN_UNDECLARED_SELECTOR = YES;
				GCC_WARN_UNINITIALIZED_AUTOS = YES_AGGRESSIVE;
				GCC_WARN_UNUSED_FUNCTION = YES;
				GCC_WARN_UNUSED_VARIABLE = YES;
				IPHONEOS_DEPLOYMENT_TARGET = 14.5;
				MTL_ENABLE_DEBUG_INFO = NO;
				MTL_FAST_MATH = YES;
				SDKROOT = iphoneos;
				SWIFT_COMPILATION_MODE = wholemodule;
				SWIFT_OPTIMIZATION_LEVEL = "-O";
				VALIDATE_PRODUCT = YES;
			};
			name = Release;
		};
		244F229A264C88600059A0BD /* Debug */ = {
			isa = XCBuildConfiguration;
			buildSettings = {
				ASSETCATALOG_COMPILER_APPICON_NAME = AppIcon;
				ASSETCATALOG_COMPILER_GLOBAL_ACCENT_COLOR_NAME = AccentColor;
				CODE_SIGN_STYLE = Automatic;
				INFOPLIST_FILE = Todo/Info.plist;
				LD_RUNPATH_SEARCH_PATHS = (
					"$(inherited)",
					"@executable_path/Frameworks",
				);
				PRODUCT_BUNDLE_IDENTIFIER = com.example.Todo;
				PRODUCT_NAME = "$(TARGET_NAME)";
				SWIFT_VERSION = 5.0;
				TARGETED_DEVICE_FAMILY = "1,2";
			};
			name = Debug;
		};
		244F229B264C88600059A0BD /* Release */ = {
			isa = XCBuildConfiguration;
			buildSettings = {
				ASSETCATALOG_COMPILER_APPICON_NAME = AppIcon;
				ASSETCATALOG_COMPILER_GLOBAL_ACCENT_COLOR_NAME = AccentColor;
				CODE_SIGN_STYLE = Automatic;
				INFOPLIST_FILE = Todo/Info.plist;
				LD_RUNPATH_SEARCH_PATHS = (
					"$(inherited)",
					"@executable_path/Frameworks",
				);
				PRODUCT_BUNDLE_IDENTIFIER = com.example.Todo;
				PRODUCT_NAME = "$(TARGET_NAME)";
				SWIFT_VERSION = 5.0;
				TARGETED_DEVICE_FAMILY = "1,2";
			};
			name = Release;
		};
/* End XCBuildConfiguration section */

/* Begin XCConfigurationList section */
		244F2280264C885F0059A0BD /* Build configuration list for PBXProject "Todo" */ = {
			isa = XCConfigurationList;
			buildConfigurations = (
				244F2297264C88600059A0BD /* Debug */,
				244F2298264C88600059A0BD /* Release */,
			);
			defaultConfigurationIsVisible = 0;
			defaultConfigurationName = Release;
		};
		244F2299264C88600059A0BD /* Build configuration list for PBXNativeTarget "Todo" */ = {
			isa = XCConfigurationList;
			buildConfigurations = (
				244F229A264C88600059A0BD /* Debug */,
				244F229B264C88600059A0BD /* Release */,
			);
			defaultConfigurationIsVisible = 0;
			defaultConfigurationName = Release;
		};
/* End XCConfigurationList section */
	};
	rootObject = 244F227D264C885F0059A0BD /* Project object */;
}
